<?xml version="1.0" encoding="utf-8"?>
<Project ToolsVersion="4.0" xmlns="http://schemas.microsoft.com/developer/msbuild/2003">
  <ItemGroup>
    <Filter Include="Source Files">
      <UniqueIdentifier>{4FC737F1-C7A5-4376-A066-2A32D752A2FF}</UniqueIdentifier>
      <Extensions>cpp;cxx;c;def</Extensions>
    </Filter>
    <Filter Include="Header Files">
      <UniqueIdentifier>{93995380-89BD-4b04-88EB-625FBE52EBFB}</UniqueIdentifier>
      <Extensions>h</Extensions>
    </Filter>
    <Filter Include="Form Files">
      <UniqueIdentifier>{99349809-55BA-4b9d-BF79-8FDBB0286EB3}</UniqueIdentifier>
      <Extensions>ui</Extensions>
    </Filter>
    <Filter Include="Resource Files">
      <UniqueIdentifier>{D9D6E242-F8AF-46E4-B9FD-80ECBC20BA3E}</UniqueIdentifier>
      <Extensions>qrc;*</Extensions>
      <ParseFiles>false</ParseFiles>
    </Filter>
    <Filter Include="Generated Files">
      <UniqueIdentifier>{71ED8ED8-ACB9-4CE9-BBE1-E00B30144E11}</UniqueIdentifier>
      <Extensions>moc;h;cpp</Extensions>
      <SourceControlFiles>False</SourceControlFiles>
    </Filter>
    <Filter Include="Generated Files\Debug">
      <UniqueIdentifier>{914f87f8-2a0d-4b3f-a0ff-0824a9afcd47}</UniqueIdentifier>
      <Extensions>cpp;moc</Extensions>
      <SourceControlFiles>False</SourceControlFiles>
    </Filter>
    <Filter Include="Generated Files\Release">
      <UniqueIdentifier>{b1156cf7-8eae-4499-83d0-6a7fa7b96158}</UniqueIdentifier>
      <Extensions>cpp;moc</Extensions>
      <SourceControlFiles>False</SourceControlFiles>
    </Filter>
  </ItemGroup>
  <ItemGroup>
    <ClCompile Include="main.cpp">
      <Filter>Source Files</Filter>
    </ClCompile>
    <ClCompile Include="pvz_01.cpp">
      <Filter>Source Files</Filter>
    </ClCompile>
    <ClCompile Include="GeneratedFiles\qrc_pvz_01.cpp">
      <Filter>Generated Files</Filter>
    </ClCompile>
    <ClCompile Include="GeneratedFiles\Debug\moc_pvz_01.cpp">
      <Filter>Generated Files\Debug</Filter>
    </ClCompile>
    <ClCompile Include="GeneratedFiles\Release\moc_pvz_01.cpp">
      <Filter>Generated Files\Release</Filter>
    </ClCompile>
    <ClCompile Include="GeneratedFiles\Debug\moc_plant.cpp">
      <Filter>Generated Files\Debug</Filter>
    </ClCompile>
    <ClCompile Include="GeneratedFiles\Release\moc_plant.cpp">
      <Filter>Generated Files\Release</Filter>
    </ClCompile>
    <ClCompile Include="welcome_interface.cpp">
      <Filter>Source Files</Filter>
    </ClCompile>
    <ClCompile Include="GeneratedFiles\Debug\moc_welcome_interface.cpp">
      <Filter>Generated Files\Debug</Filter>
    </ClCompile>
    <ClCompile Include="GeneratedFiles\Release\moc_welcome_interface.cpp">
      <Filter>Generated Files\Release</Filter>
    </ClCompile>
    <ClCompile Include="playing_interface.cpp">
      <Filter>Source Files</Filter>
    </ClCompile>
    <ClCompile Include="GeneratedFiles\Debug\moc_playing_interface.cpp">
      <Filter>Generated Files\Debug</Filter>
    </ClCompile>
    <ClCompile Include="GeneratedFiles\Release\moc_playing_interface.cpp">
      <Filter>Generated Files\Release</Filter>
    </ClCompile>
    <ClCompile Include="game_console.cpp">
      <Filter>Source Files</Filter>
    </ClCompile>
    <ClCompile Include="GeneratedFiles\Debug\moc_game_console.cpp">
      <Filter>Generated Files\Debug</Filter>
    </ClCompile>
    <ClCompile Include="GeneratedFiles\Release\moc_game_console.cpp">
      <Filter>Generated Files\Release</Filter>
    </ClCompile>
    <ClCompile Include="card.cpp">
      <Filter>Source Files</Filter>
    </ClCompile>
    <ClCompile Include="mylabel.cpp">
      <Filter>Source Files</Filter>
    </ClCompile>
    <ClCompile Include="GeneratedFiles\Debug\moc_mylabel.cpp">
      <Filter>Generated Files\Debug</Filter>
    </ClCompile>
    <ClCompile Include="GeneratedFiles\Release\moc_mylabel.cpp">
      <Filter>Generated Files\Release</Filter>
    </ClCompile>
    <ClCompile Include="plant.cpp">
      <Filter>Source Files</Filter>
    </ClCompile>
    <ClCompile Include="GeneratedFiles\Debug\moc_zombie.cpp">
      <Filter>Generated Files\Debug</Filter>
    </ClCompile>
    <ClCompile Include="GeneratedFiles\Release\moc_zombie.cpp">
      <Filter>Generated Files\Release</Filter>
    </ClCompile>
    <ClCompile Include="zombie.cpp">
      <Filter>Source Files</Filter>
    </ClCompile>
    <ClCompile Include="bullet.cpp">
      <Filter>Source Files</Filter>
    </ClCompile>
    <ClCompile Include="mybutton.cpp">
      <Filter>Source Files</Filter>
    </ClCompile>
    <ClCompile Include="GeneratedFiles\Debug\moc_mybutton.cpp">
      <Filter>Generated Files\Debug</Filter>
    </ClCompile>
    <ClCompile Include="GeneratedFiles\Release\moc_mybutton.cpp">
      <Filter>Generated Files\Release</Filter>
    </ClCompile>
    <ClCompile Include="GeneratedFiles\Debug\moc_selectcard.cpp">
      <Filter>Generated Files\Debug</Filter>
    </ClCompile>
    <ClCompile Include="GeneratedFiles\Release\moc_selectcard.cpp">
      <Filter>Generated Files\Release</Filter>
    </ClCompile>
    <ClCompile Include="selectcard.cpp">
      <Filter>Source Files</Filter>
    </ClCompile>
  </ItemGroup>
  <ItemGroup>
    <CustomBuild Include="pvz_01.h">
      <Filter>Header Files</Filter>
    </CustomBuild>
    <CustomBuild Include="pvz_01.ui">
      <Filter>Form Files</Filter>
    </CustomBuild>
    <CustomBuild Include="pvz_01.qrc">
      <Filter>Resource Files</Filter>
    </CustomBuild>
    <CustomBuild Include="plant.h">
      <Filter>Header Files</Filter>
    </CustomBuild>
    <CustomBuild Include="welcome_interface.h">
      <Filter>Header Files</Filter>
    </CustomBuild>
    <CustomBuild Include="playing_interface.h">
      <Filter>Header Files</Filter>
    </CustomBuild>
    <CustomBuild Include="game_console.h">
      <Filter>Header Files</Filter>
    </CustomBuild>
    <CustomBuild Include="mylabel.h">
      <Filter>Header Files</Filter>
    </CustomBuild>
    <CustomBuild Include="zombie.h">
      <Filter>Header Files</Filter>
    </CustomBuild>
    <CustomBuild Include="mybutton.h">
      <Filter>Header Files</Filter>
    </CustomBuild>
    <CustomBuild Include="selectcard.h">
      <Filter>Header Files</Filter>
    </CustomBuild>
  </ItemGroup>
  <ItemGroup>
    <ClInclude Include="GeneratedFiles\ui_pvz_01.h">
      <Filter>Generated Files</Filter>
    </ClInclude>
    <ClInclude Include="sunshine.h">
      <Filter>Header Files</Filter>
    </ClInclude>
    <ClInclude Include="bullet.h">
      <Filter>Header Files</Filter>
    </ClInclude>
    <ClInclude Include="card.h">
      <Filter>Header Files</Filter>
    </ClInclude>
    <ClInclude Include="pathname.h">
      <Filter>Header Files</Filter>
    </ClInclude>
  </ItemGroup>
  <ItemGroup>
    <Library Include="C:\Qt\Qt5.7.0\5.7\msvc2015_64\lib\libEGL.lib" />
    <Library Include="C:\Qt\Qt5.7.0\5.7\msvc2015_64\lib\libEGLd.lib" />
    <Library Include="C:\Qt\Qt5.7.0\5.7\msvc2015_64\lib\libGLESv2.lib" />
    <Library Include="C:\Qt\Qt5.7.0\5.7\msvc2015_64\lib\libGLESv2d.lib" />
    <Library Include="C:\Qt\Qt5.7.0\5.7\msvc2015_64\lib\Qt5AxBase.lib" />
    <Library Include="C:\Qt\Qt5.7.0\5.7\msvc2015_64\lib\Qt5AxBased.lib" />
    <Library Include="C:\Qt\Qt5.7.0\5.7\msvc2015_64\lib\Qt5AxContainer.lib" />
    <Library Include="C:\Qt\Qt5.7.0\5.7\msvc2015_64\lib\Qt5AxContainerd.lib" />
    <Library Include="C:\Qt\Qt5.7.0\5.7\msvc2015_64\lib\Qt5AxServer.lib" />
    <Library Include="C:\Qt\Qt5.7.0\5.7\msvc2015_64\lib\Qt5AxServerd.lib" />
    <Library Include="C:\Qt\Qt5.7.0\5.7\msvc2015_64\lib\Qt5Bluetooth.lib" />
    <Library Include="C:\Qt\Qt5.7.0\5.7\msvc2015_64\lib\Qt5Bluetoothd.lib" />
    <Library Include="C:\Qt\Qt5.7.0\5.7\msvc2015_64\lib\Qt5Bootstrap.lib" />
    <Library Include="C:\Qt\Qt5.7.0\5.7\msvc2015_64\lib\Qt5CLucene.lib" />
    <Library Include="C:\Qt\Qt5.7.0\5.7\msvc2015_64\lib\Qt5CLucened.lib" />
    <Library Include="C:\Qt\Qt5.7.0\5.7\msvc2015_64\lib\Qt5Concurrent.lib" />
    <Library Include="C:\Qt\Qt5.7.0\5.7\msvc2015_64\lib\Qt5Concurrentd.lib" />
    <Library Include="C:\Qt\Qt5.7.0\5.7\msvc2015_64\lib\Qt5Core.lib" />
    <Library Include="C:\Qt\Qt5.7.0\5.7\msvc2015_64\lib\Qt5Cored.lib" />
    <Library Include="C:\Qt\Qt5.7.0\5.7\msvc2015_64\lib\Qt5DBus.lib" />
    <Library Include="C:\Qt\Qt5.7.0\5.7\msvc2015_64\lib\Qt5DBusd.lib" />
    <Library Include="C:\Qt\Qt5.7.0\5.7\msvc2015_64\lib\Qt5Designer.lib" />
    <Library Include="C:\Qt\Qt5.7.0\5.7\msvc2015_64\lib\Qt5DesignerComponents.lib" />
    <Library Include="C:\Qt\Qt5.7.0\5.7\msvc2015_64\lib\Qt5DesignerComponentsd.lib" />
    <Library Include="C:\Qt\Qt5.7.0\5.7\msvc2015_64\lib\Qt5Designerd.lib" />
    <Library Include="C:\Qt\Qt5.7.0\5.7\msvc2015_64\lib\Qt5Gamepad.lib" />
    <Library Include="C:\Qt\Qt5.7.0\5.7\msvc2015_64\lib\Qt5Gamepadd.lib" />
    <Library Include="C:\Qt\Qt5.7.0\5.7\msvc2015_64\lib\Qt5Gui.lib" />
    <Library Include="C:\Qt\Qt5.7.0\5.7\msvc2015_64\lib\Qt5Guid.lib" />
    <Library Include="C:\Qt\Qt5.7.0\5.7\msvc2015_64\lib\Qt5Help.lib" />
    <Library Include="C:\Qt\Qt5.7.0\5.7\msvc2015_64\lib\Qt5Helpd.lib" />
    <Library Include="C:\Qt\Qt5.7.0\5.7\msvc2015_64\lib\Qt5Location.lib" />
    <Library Include="C:\Qt\Qt5.7.0\5.7\msvc2015_64\lib\Qt5Locationd.lib" />
    <Library Include="C:\Qt\Qt5.7.0\5.7\msvc2015_64\lib\Qt5Multimedia.lib" />
    <Library Include="C:\Qt\Qt5.7.0\5.7\msvc2015_64\lib\Qt5Multimediad.lib" />
    <Library Include="C:\Qt\Qt5.7.0\5.7\msvc2015_64\lib\Qt5MultimediaQuick_p.lib" />
    <Library Include="C:\Qt\Qt5.7.0\5.7\msvc2015_64\lib\Qt5MultimediaQuick_pd.lib" />
    <Library Include="C:\Qt\Qt5.7.0\5.7\msvc2015_64\lib\Qt5MultimediaWidgets.lib" />
    <Library Include="C:\Qt\Qt5.7.0\5.7\msvc2015_64\lib\Qt5MultimediaWidgetsd.lib" />
    <Library Include="C:\Qt\Qt5.7.0\5.7\msvc2015_64\lib\Qt5Network.lib" />
    <Library Include="C:\Qt\Qt5.7.0\5.7\msvc2015_64\lib\Qt5Networkd.lib" />
    <Library Include="C:\Qt\Qt5.7.0\5.7\msvc2015_64\lib\Qt5Nfc.lib" />
    <Library Include="C:\Qt\Qt5.7.0\5.7\msvc2015_64\lib\Qt5Nfcd.lib" />
    <Library Include="C:\Qt\Qt5.7.0\5.7\msvc2015_64\lib\Qt5OpenGL.lib" />
    <Library Include="C:\Qt\Qt5.7.0\5.7\msvc2015_64\lib\Qt5OpenGLd.lib" />
    <Library Include="C:\Qt\Qt5.7.0\5.7\msvc2015_64\lib\Qt5OpenGLExtensions.lib" />
    <Library Include="C:\Qt\Qt5.7.0\5.7\msvc2015_64\lib\Qt5OpenGLExtensionsd.lib" />
    <Library Include="C:\Qt\Qt5.7.0\5.7\msvc2015_64\lib\Qt5PacketProtocol.lib" />
    <Library Include="C:\Qt\Qt5.7.0\5.7\msvc2015_64\lib\Qt5PacketProtocold.lib" />
    <Library Include="C:\Qt\Qt5.7.0\5.7\msvc2015_64\lib\Qt5PlatformSupport.lib" />
    <Library Include="C:\Qt\Qt5.7.0\5.7\msvc2015_64\lib\Qt5PlatformSupportd.lib" />
    <Library Include="C:\Qt\Qt5.7.0\5.7\msvc2015_64\lib\Qt5Positioning.lib" />
    <Library Include="C:\Qt\Qt5.7.0\5.7\msvc2015_64\lib\Qt5Positioningd.lib" />
    <Library Include="C:\Qt\Qt5.7.0\5.7\msvc2015_64\lib\Qt5PrintSupport.lib" />
    <Library Include="C:\Qt\Qt5.7.0\5.7\msvc2015_64\lib\Qt5PrintSupportd.lib" />
    <Library Include="C:\Qt\Qt5.7.0\5.7\msvc2015_64\lib\Qt5Purchasing.lib" />
    <Library Include="C:\Qt\Qt5.7.0\5.7\msvc2015_64\lib\Qt5Purchasingd.lib" />
    <Library Include="C:\Qt\Qt5.7.0\5.7\msvc2015_64\lib\Qt5Qml.lib" />
    <Library Include="C:\Qt\Qt5.7.0\5.7\msvc2015_64\lib\Qt5Qmld.lib" />
    <Library Include="C:\Qt\Qt5.7.0\5.7\msvc2015_64\lib\Qt5QmlDebug.lib" />
    <Library Include="C:\Qt\Qt5.7.0\5.7\msvc2015_64\lib\Qt5QmlDebugd.lib" />
    <Library Include="C:\Qt\Qt5.7.0\5.7\msvc2015_64\lib\Qt5QmlDevTools.lib" />
    <Library Include="C:\Qt\Qt5.7.0\5.7\msvc2015_64\lib\Qt5Quick.lib" />
    <Library Include="C:\Qt\Qt5.7.0\5.7\msvc2015_64\lib\Qt5QuickControls2.lib" />
    <Library Include="C:\Qt\Qt5.7.0\5.7\msvc2015_64\lib\Qt5QuickControls2d.lib" />
    <Library Include="C:\Qt\Qt5.7.0\5.7\msvc2015_64\lib\Qt5Quickd.lib" />
    <Library Include="C:\Qt\Qt5.7.0\5.7\msvc2015_64\lib\Qt5QuickParticles.lib" />
    <Library Include="C:\Qt\Qt5.7.0\5.7\msvc2015_64\lib\Qt5QuickParticlesd.lib" />
    <Library Include="C:\Qt\Qt5.7.0\5.7\msvc2015_64\lib\Qt5QuickTemplates2.lib" />
    <Library Include="C:\Qt\Qt5.7.0\5.7\msvc2015_64\lib\Qt5QuickTemplates2d.lib" />
    <Library Include="C:\Qt\Qt5.7.0\5.7\msvc2015_64\lib\Qt5QuickTest.lib" />
    <Library Include="C:\Qt\Qt5.7.0\5.7\msvc2015_64\lib\Qt5QuickTestd.lib" />
    <Library Include="C:\Qt\Qt5.7.0\5.7\msvc2015_64\lib\Qt5QuickWidgets.lib" />
    <Library Include="C:\Qt\Qt5.7.0\5.7\msvc2015_64\lib\Qt5QuickWidgetsd.lib" />
    <Library Include="C:\Qt\Qt5.7.0\5.7\msvc2015_64\lib\Qt5Script.lib" />
    <Library Include="C:\Qt\Qt5.7.0\5.7\msvc2015_64\lib\Qt5Scriptd.lib" />
    <Library Include="C:\Qt\Qt5.7.0\5.7\msvc2015_64\lib\Qt5ScriptTools.lib" />
    <Library Include="C:\Qt\Qt5.7.0\5.7\msvc2015_64\lib\Qt5ScriptToolsd.lib" />
    <Library Include="C:\Qt\Qt5.7.0\5.7\msvc2015_64\lib\Qt5Scxml.lib" />
    <Library Include="C:\Qt\Qt5.7.0\5.7\msvc2015_64\lib\Qt5Scxmld.lib" />
    <Library Include="C:\Qt\Qt5.7.0\5.7\msvc2015_64\lib\Qt5Sensors.lib" />
    <Library Include="C:\Qt\Qt5.7.0\5.7\msvc2015_64\lib\Qt5Sensorsd.lib" />
    <Library Include="C:\Qt\Qt5.7.0\5.7\msvc2015_64\lib\Qt5SerialBus.lib" />
    <Library Include="C:\Qt\Qt5.7.0\5.7\msvc2015_64\lib\Qt5SerialBusd.lib" />
    <Library Include="C:\Qt\Qt5.7.0\5.7\msvc2015_64\lib\Qt5SerialPort.lib" />
    <Library Include="C:\Qt\Qt5.7.0\5.7\msvc2015_64\lib\Qt5SerialPortd.lib" />
    <Library Include="C:\Qt\Qt5.7.0\5.7\msvc2015_64\lib\Qt5Sql.lib" />
    <Library Include="C:\Qt\Qt5.7.0\5.7\msvc2015_64\lib\Qt5Sqld.lib" />
    <Library Include="C:\Qt\Qt5.7.0\5.7\msvc2015_64\lib\Qt5Svg.lib" />
    <Library Include="C:\Qt\Qt5.7.0\5.7\msvc2015_64\lib\Qt5Svgd.lib" />
    <Library Include="C:\Qt\Qt5.7.0\5.7\msvc2015_64\lib\Qt5Test.lib" />
    <Library Include="C:\Qt\Qt5.7.0\5.7\msvc2015_64\lib\Qt5Testd.lib" />
    <Library Include="C:\Qt\Qt5.7.0\5.7\msvc2015_64\lib\Qt5UiTools.lib" />
    <Library Include="C:\Qt\Qt5.7.0\5.7\msvc2015_64\lib\Qt5UiToolsd.lib" />
    <Library Include="C:\Qt\Qt5.7.0\5.7\msvc2015_64\lib\Qt5WebChannel.lib" />
    <Library Include="C:\Qt\Qt5.7.0\5.7\msvc2015_64\lib\Qt5WebChanneld.lib" />
    <Library Include="C:\Qt\Qt5.7.0\5.7\msvc2015_64\lib\Qt5WebEngine.lib" />
    <Library Include="C:\Qt\Qt5.7.0\5.7\msvc2015_64\lib\Qt5WebEngineCore.lib" />
    <Library Include="C:\Qt\Qt5.7.0\5.7\msvc2015_64\lib\Qt5WebEngineCored.lib" />
    <Library Include="C:\Qt\Qt5.7.0\5.7\msvc2015_64\lib\Qt5WebEngined.lib" />
    <Library Include="C:\Qt\Qt5.7.0\5.7\msvc2015_64\lib\Qt5WebEngineWidgets.lib" />
    <Library Include="C:\Qt\Qt5.7.0\5.7\msvc2015_64\lib\Qt5WebEngineWidgetsd.lib" />
    <Library Include="C:\Qt\Qt5.7.0\5.7\msvc2015_64\lib\Qt5WebSockets.lib" />
    <Library Include="C:\Qt\Qt5.7.0\5.7\msvc2015_64\lib\Qt5WebSocketsd.lib" />
    <Library Include="C:\Qt\Qt5.7.0\5.7\msvc2015_64\lib\Qt5WebView.lib" />
    <Library Include="C:\Qt\Qt5.7.0\5.7\msvc2015_64\lib\Qt5WebViewd.lib" />
    <Library Include="C:\Qt\Qt5.7.0\5.7\msvc2015_64\lib\Qt5Widgets.lib" />
    <Library Include="C:\Qt\Qt5.7.0\5.7\msvc2015_64\lib\Qt5Widgetsd.lib" />
    <Library Include="C:\Qt\Qt5.7.0\5.7\msvc2015_64\lib\Qt5WinExtras.lib" />
    <Library Include="C:\Qt\Qt5.7.0\5.7\msvc2015_64\lib\Qt5WinExtrasd.lib" />
    <Library Include="C:\Qt\Qt5.7.0\5.7\msvc2015_64\lib\Qt5Xml.lib" />
    <Library Include="C:\Qt\Qt5.7.0\5.7\msvc2015_64\lib\Qt5Xmld.lib" />
    <Library Include="C:\Qt\Qt5.7.0\5.7\msvc2015_64\lib\Qt5XmlPatterns.lib" />
    <Library Include="C:\Qt\Qt5.7.0\5.7\msvc2015_64\lib\Qt5XmlPatternsd.lib" />
    <Library Include="C:\Qt\Qt5.7.0\5.7\msvc2015_64\lib\Qt53DCore.lib" />
    <Library Include="C:\Qt\Qt5.7.0\5.7\msvc2015_64\lib\Qt53DCored.lib" />
    <Library Include="C:\Qt\Qt5.7.0\5.7\msvc2015_64\lib\Qt53DExtras.lib" />
    <Library Include="C:\Qt\Qt5.7.0\5.7\msvc2015_64\lib\Qt53DExtrasd.lib" />
    <Library Include="C:\Qt\Qt5.7.0\5.7\msvc2015_64\lib\Qt53DInput.lib" />
    <Library Include="C:\Qt\Qt5.7.0\5.7\msvc2015_64\lib\Qt53DInputd.lib" />
    <Library Include="C:\Qt\Qt5.7.0\5.7\msvc2015_64\lib\Qt53DLogic.lib" />
    <Library Include="C:\Qt\Qt5.7.0\5.7\msvc2015_64\lib\Qt53DLogicd.lib" />
    <Library Include="C:\Qt\Qt5.7.0\5.7\msvc2015_64\lib\Qt53DQuick.lib" />
    <Library Include="C:\Qt\Qt5.7.0\5.7\msvc2015_64\lib\Qt53DQuickd.lib" />
    <Library Include="C:\Qt\Qt5.7.0\5.7\msvc2015_64\lib\Qt53DQuickExtras.lib" />
    <Library Include="C:\Qt\Qt5.7.0\5.7\msvc2015_64\lib\Qt53DQuickExtrasd.lib" />
    <Library Include="C:\Qt\Qt5.7.0\5.7\msvc2015_64\lib\Qt53DQuickInput.lib" />
    <Library Include="C:\Qt\Qt5.7.0\5.7\msvc2015_64\lib\Qt53DQuickInputd.lib" />
    <Library Include="C:\Qt\Qt5.7.0\5.7\msvc2015_64\lib\Qt53DQuickRender.lib" />
    <Library Include="C:\Qt\Qt5.7.0\5.7\msvc2015_64\lib\Qt53DQuickRenderd.lib" />
    <Library Include="C:\Qt\Qt5.7.0\5.7\msvc2015_64\lib\Qt53DRender.lib" />
    <Library Include="C:\Qt\Qt5.7.0\5.7\msvc2015_64\lib\Qt53DRenderd.lib" />
    <Library Include="C:\Qt\Qt5.7.0\5.7\msvc2015_64\lib\qtfreetype.lib" />
    <Library Include="C:\Qt\Qt5.7.0\5.7\msvc2015_64\lib\qtfreetyped.lib" />
    <Library Include="C:\Qt\Qt5.7.0\5.7\msvc2015_64\lib\qtmain.lib" />
    <Library Include="C:\Qt\Qt5.7.0\5.7\msvc2015_64\lib\qtmaind.lib" />
  </ItemGroup>
  <ItemGroup>
    <Image Include="icon.ico" />
  </ItemGroup>
  <ItemGroup>
    <ResourceCompile Include="icon.rc" />
  </ItemGroup>
</Project>